
Microsoft Visual Studio Solution File, Format Version 12.00
# Visual Studio 15
VisualStudioVersion = 15.0.26403.7
MinimumVisualStudioVersion = 10.0.40219.1
Project("{D954291E-2A0B-460D-934E-DC6B0785DB48}") = "DevOps", "DevOps\DevOps\DevOps.shproj", "{9C30781C-65FA-4CAC-BEF2-0994FBB4367D}"
EndProject
Project("{FAE04EC0-301F-11D3-BF4B-00C04F79EFBC}") = "DevOps.Android", "DevOps\DevOps.Android\DevOps.Android.csproj", "{5EC9EDF6-973E-42D3-B24E-24D279BA664C}"
EndProject
Project("{FAE04EC0-301F-11D3-BF4B-00C04F79EFBC}") = "DevOps.iOS", "DevOps\DevOps.iOS\DevOps.iOS.csproj", "{CDF90F66-F9C7-491F-847A-1D7F7A78EAB1}"
EndProject
Project("{FAE04EC0-301F-11D3-BF4B-00C04F79EFBC}") = "DevOps.UWP", "DevOps\DevOps.UWP\DevOps.UWP.csproj", "{61B1A19D-4531-40BC-89B7-DDE6CBD7C204}"
EndProject
Global
	GlobalSection(SharedMSBuildProjectFiles) = preSolution
		DevOps\DevOps\DevOps.projitems*{5ec9edf6-973e-42d3-b24e-24d279ba664c}*SharedItemsImports = 4
		DevOps\DevOps\DevOps.projitems*{61b1a19d-4531-40bc-89b7-dde6cbd7c204}*SharedItemsImports = 4
		DevOps\DevOps\DevOps.projitems*{9c30781c-65fa-4cac-bef2-0994fbb4367d}*SharedItemsImports = 13
		DevOps\DevOps\DevOps.projitems*{cdf90f66-f9c7-491f-847a-1d7f7a78eab1}*SharedItemsImports = 4
	EndGlobalSection
	GlobalSection(SolutionConfigurationPlatforms) = preSolution
		Ad-Hoc|Any CPU = Ad-Hoc|Any CPU
		Ad-Hoc|ARM = Ad-Hoc|ARM
		Ad-Hoc|iPhone = Ad-Hoc|iPhone
		Ad-Hoc|iPhoneSimulator = Ad-Hoc|iPhoneSimulator
		Ad-Hoc|x64 = Ad-Hoc|x64
		Ad-Hoc|x86 = Ad-Hoc|x86
		AppStore|Any CPU = AppStore|Any CPU
		AppStore|ARM = AppStore|ARM
		AppStore|iPhone = AppStore|iPhone
		AppStore|iPhoneSimulator = AppStore|iPhoneSimulator
		AppStore|x64 = AppStore|x64
		AppStore|x86 = AppStore|x86
		Debug|Any CPU = Debug|Any CPU
		Debug|ARM = Debug|ARM
		Debug|iPhone = Debug|iPhone
		Debug|iPhoneSimulator = Debug|iPhoneSimulator
		Debug|x64 = Debug|x64
		Debug|x86 = Debug|x86
		Release|Any CPU = Release|Any CPU
		Release|ARM = Release|ARM
		Release|iPhone = Release|iPhone
		Release|iPhoneSimulator = Release|iPhoneSimulator
		Release|x64 = Release|x64
		Release|x86 = Release|x86
	EndGlobalSection
	GlobalSection(ProjectConfigurationPlatforms) = postSolution
		{5EC9EDF6-973E-42D3-B24E-24D279BA664C}.Ad-Hoc|Any CPU.ActiveCfg = Release|Any CPU
		{5EC9EDF6-973E-42D3-B24E-24D279BA664C}.Ad-Hoc|Any CPU.Build.0 = Release|Any CPU
		{5EC9EDF6-973E-42D3-B24E-24D279BA664C}.Ad-Hoc|Any CPU.Deploy.0 = Release|Any CPU
		{5EC9EDF6-973E-42D3-B24E-24D279BA664C}.Ad-Hoc|ARM.ActiveCfg = Release|Any CPU
		{5EC9EDF6-973E-42D3-B24E-24D279BA664C}.Ad-Hoc|ARM.Build.0 = Release|Any CPU
		{5EC9EDF6-973E-42D3-B24E-24D279BA664C}.Ad-Hoc|ARM.Deploy.0 = Release|Any CPU
		{5EC9EDF6-973E-42D3-B24E-24D279BA664C}.Ad-Hoc|iPhone.ActiveCfg = Release|Any CPU
		{5EC9EDF6-973E-42D3-B24E-24D279BA664C}.Ad-Hoc|iPhone.Build.0 = Release|Any CPU
		{5EC9EDF6-973E-42D3-B24E-24D279BA664C}.Ad-Hoc|iPhone.Deploy.0 = Release|Any CPU
		{5EC9EDF6-973E-42D3-B24E-24D279BA664C}.Ad-Hoc|iPhoneSimulator.ActiveCfg = Release|Any CPU
		{5EC9EDF6-973E-42D3-B24E-24D279BA664C}.Ad-Hoc|iPhoneSimulator.Build.0 = Release|Any CPU
		{5EC9EDF6-973E-42D3-B24E-24D279BA664C}.Ad-Hoc|iPhoneSimulator.Deploy.0 = Release|Any CPU
		{5EC9EDF6-973E-42D3-B24E-24D279BA664C}.Ad-Hoc|x64.ActiveCfg = Release|Any CPU
		{5EC9EDF6-973E-42D3-B24E-24D279BA664C}.Ad-Hoc|x64.Build.0 = Release|Any CPU
		{5EC9EDF6-973E-42D3-B24E-24D279BA664C}.Ad-Hoc|x64.Deploy.0 = Release|Any CPU
		{5EC9EDF6-973E-42D3-B24E-24D279BA664C}.Ad-Hoc|x86.ActiveCfg = Release|Any CPU
		{5EC9EDF6-973E-42D3-B24E-24D279BA664C}.Ad-Hoc|x86.Build.0 = Release|Any CPU
		{5EC9EDF6-973E-42D3-B24E-24D279BA664C}.Ad-Hoc|x86.Deploy.0 = Release|Any CPU
		{5EC9EDF6-973E-42D3-B24E-24D279BA664C}.AppStore|Any CPU.ActiveCfg = Release|Any CPU
		{5EC9EDF6-973E-42D3-B24E-24D279BA664C}.AppStore|Any CPU.Build.0 = Release|Any CPU
		{5EC9EDF6-973E-42D3-B24E-24D279BA664C}.AppStore|Any CPU.Deploy.0 = Release|Any CPU
		{5EC9EDF6-973E-42D3-B24E-24D279BA664C}.AppStore|ARM.ActiveCfg = Release|Any CPU
		{5EC9EDF6-973E-42D3-B24E-24D279BA664C}.AppStore|ARM.Build.0 = Release|Any CPU
		{5EC9EDF6-973E-42D3-B24E-24D279BA664C}.AppStore|ARM.Deploy.0 = Release|Any CPU
		{5EC9EDF6-973E-42D3-B24E-24D279BA664C}.AppStore|iPhone.ActiveCfg = Release|Any CPU
		{5EC9EDF6-973E-42D3-B24E-24D279BA664C}.AppStore|iPhone.Build.0 = Release|Any CPU
		{5EC9EDF6-973E-42D3-B24E-24D279BA664C}.AppStore|iPhone.Deploy.0 = Release|Any CPU
		{5EC9EDF6-973E-42D3-B24E-24D279BA664C}.AppStore|iPhoneSimulator.ActiveCfg = Release|Any CPU
		{5EC9EDF6-973E-42D3-B24E-24D279BA664C}.AppStore|iPhoneSimulator.Build.0 = Release|Any CPU
		{5EC9EDF6-973E-42D3-B24E-24D279BA664C}.AppStore|iPhoneSimulator.Deploy.0 = Release|Any CPU
		{5EC9EDF6-973E-42D3-B24E-24D279BA664C}.AppStore|x64.ActiveCfg = Release|Any CPU
		{5EC9EDF6-973E-42D3-B24E-24D279BA664C}.AppStore|x64.Build.0 = Release|Any CPU
		{5EC9EDF6-973E-42D3-B24E-24D279BA664C}.AppStore|x64.Deploy.0 = Release|Any CPU
		{5EC9EDF6-973E-42D3-B24E-24D279BA664C}.AppStore|x86.ActiveCfg = Release|Any CPU
		{5EC9EDF6-973E-42D3-B24E-24D279BA664C}.AppStore|x86.Build.0 = Release|Any CPU
		{5EC9EDF6-973E-42D3-B24E-24D279BA664C}.AppStore|x86.Deploy.0 = Release|Any CPU
		{5EC9EDF6-973E-42D3-B24E-24D279BA664C}.Debug|Any CPU.ActiveCfg = Debug|Any CPU
		{5EC9EDF6-973E-42D3-B24E-24D279BA664C}.Debug|Any CPU.Build.0 = Debug|Any CPU
		{5EC9EDF6-973E-42D3-B24E-24D279BA664C}.Debug|Any CPU.Deploy.0 = Debug|Any CPU
		{5EC9EDF6-973E-42D3-B24E-24D279BA664C}.Debug|ARM.ActiveCfg = Debug|Any CPU
		{5EC9EDF6-973E-42D3-B24E-24D279BA664C}.Debug|ARM.Build.0 = Debug|Any CPU
		{5EC9EDF6-973E-42D3-B24E-24D279BA664C}.Debug|ARM.Deploy.0 = Debug|Any CPU
		{5EC9EDF6-973E-42D3-B24E-24D279BA664C}.Debug|iPhone.ActiveCfg = Debug|Any CPU
		{5EC9EDF6-973E-42D3-B24E-24D279BA664C}.Debug|iPhone.Build.0 = Debug|Any CPU
		{5EC9EDF6-973E-42D3-B24E-24D279BA664C}.Debug|iPhone.Deploy.0 = Debug|Any CPU
		{5EC9EDF6-973E-42D3-B24E-24D279BA664C}.Debug|iPhoneSimulator.ActiveCfg = Debug|Any CPU
		{5EC9EDF6-973E-42D3-B24E-24D279BA664C}.Debug|iPhoneSimulator.Build.0 = Debug|Any CPU
		{5EC9EDF6-973E-42D3-B24E-24D279BA664C}.Debug|iPhoneSimulator.Deploy.0 = Debug|Any CPU
		{5EC9EDF6-973E-42D3-B24E-24D279BA664C}.Debug|x64.ActiveCfg = Debug|Any CPU
		{5EC9EDF6-973E-42D3-B24E-24D279BA664C}.Debug|x64.Build.0 = Debug|Any CPU
		{5EC9EDF6-973E-42D3-B24E-24D279BA664C}.Debug|x64.Deploy.0 = Debug|Any CPU
		{5EC9EDF6-973E-42D3-B24E-24D279BA664C}.Debug|x86.ActiveCfg = Debug|Any CPU
		{5EC9EDF6-973E-42D3-B24E-24D279BA664C}.Debug|x86.Build.0 = Debug|Any CPU
		{5EC9EDF6-973E-42D3-B24E-24D279BA664C}.Debug|x86.Deploy.0 = Debug|Any CPU
		{5EC9EDF6-973E-42D3-B24E-24D279BA664C}.Release|Any CPU.ActiveCfg = Release|Any CPU
		{5EC9EDF6-973E-42D3-B24E-24D279BA664C}.Release|Any CPU.Build.0 = Release|Any CPU
		{5EC9EDF6-973E-42D3-B24E-24D279BA664C}.Release|Any CPU.Deploy.0 = Release|Any CPU
		{5EC9EDF6-973E-42D3-B24E-24D279BA664C}.Release|ARM.ActiveCfg = Release|Any CPU
		{5EC9EDF6-973E-42D3-B24E-24D279BA664C}.Release|ARM.Build.0 = Release|Any CPU
		{5EC9EDF6-973E-42D3-B24E-24D279BA664C}.Release|ARM.Deploy.0 = Release|Any CPU
		{5EC9EDF6-973E-42D3-B24E-24D279BA664C}.Release|iPhone.ActiveCfg = Release|Any CPU
		{5EC9EDF6-973E-42D3-B24E-24D279BA664C}.Release|iPhone.Build.0 = Release|Any CPU
		{5EC9EDF6-973E-42D3-B24E-24D279BA664C}.Release|iPhone.Deploy.0 = Release|Any CPU
		{5EC9EDF6-973E-42D3-B24E-24D279BA664C}.Release|iPhoneSimulator.ActiveCfg = Release|Any CPU
		{5EC9EDF6-973E-42D3-B24E-24D279BA664C}.Release|iPhoneSimulator.Build.0 = Release|Any CPU
		{5EC9EDF6-973E-42D3-B24E-24D279BA664C}.Release|iPhoneSimulator.Deploy.0 = Release|Any CPU
		{5EC9EDF6-973E-42D3-B24E-24D279BA664C}.Release|x64.ActiveCfg = Release|Any CPU
		{5EC9EDF6-973E-42D3-B24E-24D279BA664C}.Release|x64.Build.0 = Release|Any CPU
		{5EC9EDF6-973E-42D3-B24E-24D279BA664C}.Release|x64.Deploy.0 = Release|Any CPU
		{5EC9EDF6-973E-42D3-B24E-24D279BA664C}.Release|x86.ActiveCfg = Release|Any CPU
		{5EC9EDF6-973E-42D3-B24E-24D279BA664C}.Release|x86.Build.0 = Release|Any CPU
		{5EC9EDF6-973E-42D3-B24E-24D279BA664C}.Release|x86.Deploy.0 = Release|Any CPU
		{CDF90F66-F9C7-491F-847A-1D7F7A78EAB1}.Ad-Hoc|Any CPU.ActiveCfg = Ad-Hoc|iPhone
		{CDF90F66-F9C7-491F-847A-1D7F7A78EAB1}.Ad-Hoc|ARM.ActiveCfg = Ad-Hoc|iPhone
		{CDF90F66-F9C7-491F-847A-1D7F7A78EAB1}.Ad-Hoc|iPhone.ActiveCfg = Ad-Hoc|iPhone
		{CDF90F66-F9C7-491F-847A-1D7F7A78EAB1}.Ad-Hoc|iPhone.Build.0 = Ad-Hoc|iPhone
		{CDF90F66-F9C7-491F-847A-1D7F7A78EAB1}.Ad-Hoc|iPhoneSimulator.ActiveCfg = Ad-Hoc|iPhoneSimulator
		{CDF90F66-F9C7-491F-847A-1D7F7A78EAB1}.Ad-Hoc|iPhoneSimulator.Build.0 = Ad-Hoc|iPhoneSimulator
		{CDF90F66-F9C7-491F-847A-1D7F7A78EAB1}.Ad-Hoc|x64.ActiveCfg = Ad-Hoc|iPhone
		{CDF90F66-F9C7-491F-847A-1D7F7A78EAB1}.Ad-Hoc|x86.ActiveCfg = Ad-Hoc|iPhone
		{CDF90F66-F9C7-491F-847A-1D7F7A78EAB1}.AppStore|Any CPU.ActiveCfg = AppStore|iPhone
		{CDF90F66-F9C7-491F-847A-1D7F7A78EAB1}.AppStore|ARM.ActiveCfg = AppStore|iPhone
		{CDF90F66-F9C7-491F-847A-1D7F7A78EAB1}.AppStore|iPhone.ActiveCfg = AppStore|iPhone
		{CDF90F66-F9C7-491F-847A-1D7F7A78EAB1}.AppStore|iPhone.Build.0 = AppStore|iPhone
		{CDF90F66-F9C7-491F-847A-1D7F7A78EAB1}.AppStore|iPhoneSimulator.ActiveCfg = AppStore|iPhoneSimulator
		{CDF90F66-F9C7-491F-847A-1D7F7A78EAB1}.AppStore|iPhoneSimulator.Build.0 = AppStore|iPhoneSimulator
		{CDF90F66-F9C7-491F-847A-1D7F7A78EAB1}.AppStore|x64.ActiveCfg = AppStore|iPhone
		{CDF90F66-F9C7-491F-847A-1D7F7A78EAB1}.AppStore|x86.ActiveCfg = AppStore|iPhone
		{CDF90F66-F9C7-491F-847A-1D7F7A78EAB1}.Debug|Any CPU.ActiveCfg = Debug|iPhone
		{CDF90F66-F9C7-491F-847A-1D7F7A78EAB1}.Debug|ARM.ActiveCfg = Debug|iPhone
		{CDF90F66-F9C7-491F-847A-1D7F7A78EAB1}.Debug|iPhone.ActiveCfg = Debug|iPhone
		{CDF90F66-F9C7-491F-847A-1D7F7A78EAB1}.Debug|iPhone.Build.0 = Debug|iPhone
		{CDF90F66-F9C7-491F-847A-1D7F7A78EAB1}.Debug|iPhoneSimulator.ActiveCfg = Debug|iPhoneSimulator
		{CDF90F66-F9C7-491F-847A-1D7F7A78EAB1}.Debug|iPhoneSimulator.Build.0 = Debug|iPhoneSimulator
		{CDF90F66-F9C7-491F-847A-1D7F7A78EAB1}.Debug|x64.ActiveCfg = Debug|iPhone
		{CDF90F66-F9C7-491F-847A-1D7F7A78EAB1}.Debug|x86.ActiveCfg = Debug|iPhone
		{CDF90F66-F9C7-491F-847A-1D7F7A78EAB1}.Release|Any CPU.ActiveCfg = Release|iPhone
		{CDF90F66-F9C7-491F-847A-1D7F7A78EAB1}.Release|ARM.ActiveCfg = Release|iPhone
		{CDF90F66-F9C7-491F-847A-1D7F7A78EAB1}.Release|iPhone.ActiveCfg = Release|iPhone
		{CDF90F66-F9C7-491F-847A-1D7F7A78EAB1}.Release|iPhone.Build.0 = Release|iPhone
		{CDF90F66-F9C7-491F-847A-1D7F7A78EAB1}.Release|iPhoneSimulator.ActiveCfg = Release|iPhoneSimulator
		{CDF90F66-F9C7-491F-847A-1D7F7A78EAB1}.Release|iPhoneSimulator.Build.0 = Release|iPhoneSimulator
		{CDF90F66-F9C7-491F-847A-1D7F7A78EAB1}.Release|x64.ActiveCfg = Release|iPhone
		{CDF90F66-F9C7-491F-847A-1D7F7A78EAB1}.Release|x86.ActiveCfg = Release|iPhone
		{61B1A19D-4531-40BC-89B7-DDE6CBD7C204}.Ad-Hoc|Any CPU.ActiveCfg = Release|x86
		{61B1A19D-4531-40BC-89B7-DDE6CBD7C204}.Ad-Hoc|Any CPU.Build.0 = Release|x86
		{61B1A19D-4531-40BC-89B7-DDE6CBD7C204}.Ad-Hoc|Any CPU.Deploy.0 = Release|x86
		{61B1A19D-4531-40BC-89B7-DDE6CBD7C204}.Ad-Hoc|ARM.ActiveCfg = Release|ARM
		{61B1A19D-4531-40BC-89B7-DDE6CBD7C204}.Ad-Hoc|ARM.Build.0 = Release|ARM
		{61B1A19D-4531-40BC-89B7-DDE6CBD7C204}.Ad-Hoc|ARM.Deploy.0 = Release|ARM
		{61B1A19D-4531-40BC-89B7-DDE6CBD7C204}.Ad-Hoc|iPhone.ActiveCfg = Release|x86
		{61B1A19D-4531-40BC-89B7-DDE6CBD7C204}.Ad-Hoc|iPhone.Build.0 = Release|x86
		{61B1A19D-4531-40BC-89B7-DDE6CBD7C204}.Ad-Hoc|iPhone.Deploy.0 = Release|x86
		{61B1A19D-4531-40BC-89B7-DDE6CBD7C204}.Ad-Hoc|iPhoneSimulator.ActiveCfg = Release|x86
		{61B1A19D-4531-40BC-89B7-DDE6CBD7C204}.Ad-Hoc|iPhoneSimulator.Build.0 = Release|x86
		{61B1A19D-4531-40BC-89B7-DDE6CBD7C204}.Ad-Hoc|iPhoneSimulator.Deploy.0 = Release|x86
		{61B1A19D-4531-40BC-89B7-DDE6CBD7C204}.Ad-Hoc|x64.ActiveCfg = Release|x64
		{61B1A19D-4531-40BC-89B7-DDE6CBD7C204}.Ad-Hoc|x64.Build.0 = Release|x64
		{61B1A19D-4531-40BC-89B7-DDE6CBD7C204}.Ad-Hoc|x64.Deploy.0 = Release|x64
		{61B1A19D-4531-40BC-89B7-DDE6CBD7C204}.Ad-Hoc|x86.ActiveCfg = Release|x86
		{61B1A19D-4531-40BC-89B7-DDE6CBD7C204}.Ad-Hoc|x86.Build.0 = Release|x86
		{61B1A19D-4531-40BC-89B7-DDE6CBD7C204}.Ad-Hoc|x86.Deploy.0 = Release|x86
		{61B1A19D-4531-40BC-89B7-DDE6CBD7C204}.AppStore|Any CPU.ActiveCfg = Release|x86
		{61B1A19D-4531-40BC-89B7-DDE6CBD7C204}.AppStore|Any CPU.Build.0 = Release|x86
		{61B1A19D-4531-40BC-89B7-DDE6CBD7C204}.AppStore|Any CPU.Deploy.0 = Release|x86
		{61B1A19D-4531-40BC-89B7-DDE6CBD7C204}.AppStore|ARM.ActiveCfg = Release|ARM
		{61B1A19D-4531-40BC-89B7-DDE6CBD7C204}.AppStore|ARM.Build.0 = Release|ARM
		{61B1A19D-4531-40BC-89B7-DDE6CBD7C204}.AppStore|ARM.Deploy.0 = Release|ARM
		{61B1A19D-4531-40BC-89B7-DDE6CBD7C204}.AppStore|iPhone.ActiveCfg = Release|x86
		{61B1A19D-4531-40BC-89B7-DDE6CBD7C204}.AppStore|iPhone.Build.0 = Release|x86
		{61B1A19D-4531-40BC-89B7-DDE6CBD7C204}.AppStore|iPhone.Deploy.0 = Release|x86
		{61B1A19D-4531-40BC-89B7-DDE6CBD7C204}.AppStore|iPhoneSimulator.ActiveCfg = Release|x86
		{61B1A19D-4531-40BC-89B7-DDE6CBD7C204}.AppStore|iPhoneSimulator.Build.0 = Release|x86
		{61B1A19D-4531-40BC-89B7-DDE6CBD7C204}.AppStore|iPhoneSimulator.Deploy.0 = Release|x86
		{61B1A19D-4531-40BC-89B7-DDE6CBD7C204}.AppStore|x64.ActiveCfg = Release|x64
		{61B1A19D-4531-40BC-89B7-DDE6CBD7C204}.AppStore|x64.Build.0 = Release|x64
		{61B1A19D-4531-40BC-89B7-DDE6CBD7C204}.AppStore|x64.Deploy.0 = Release|x64
		{61B1A19D-4531-40BC-89B7-DDE6CBD7C204}.AppStore|x86.ActiveCfg = Release|x86
		{61B1A19D-4531-40BC-89B7-DDE6CBD7C204}.AppStore|x86.Build.0 = Release|x86
		{61B1A19D-4531-40BC-89B7-DDE6CBD7C204}.AppStore|x86.Deploy.0 = Release|x86
		{61B1A19D-4531-40BC-89B7-DDE6CBD7C204}.Debug|Any CPU.ActiveCfg = Debug|x86
		{61B1A19D-4531-40BC-89B7-DDE6CBD7C204}.Debug|ARM.ActiveCfg = Debug|ARM
		{61B1A19D-4531-40BC-89B7-DDE6CBD7C204}.Debug|ARM.Build.0 = Debug|ARM
		{61B1A19D-4531-40BC-89B7-DDE6CBD7C204}.Debug|ARM.Deploy.0 = Debug|ARM
		{61B1A19D-4531-40BC-89B7-DDE6CBD7C204}.Debug|iPhone.ActiveCfg = Debug|x86
		{61B1A19D-4531-40BC-89B7-DDE6CBD7C204}.Debug|iPhoneSimulator.ActiveCfg = Debug|x86
		{61B1A19D-4531-40BC-89B7-DDE6CBD7C204}.Debug|x64.ActiveCfg = Debug|x64
		{61B1A19D-4531-40BC-89B7-DDE6CBD7C204}.Debug|x64.Build.0 = Debug|x64
		{61B1A19D-4531-40BC-89B7-DDE6CBD7C204}.Debug|x64.Deploy.0 = Debug|x64
		{61B1A19D-4531-40BC-89B7-DDE6CBD7C204}.Debug|x86.ActiveCfg = Debug|x86
		{61B1A19D-4531-40BC-89B7-DDE6CBD7C204}.Debug|x86.Build.0 = Debug|x86
		{61B1A19D-4531-40BC-89B7-DDE6CBD7C204}.Debug|x86.Deploy.0 = Debug|x86
		{61B1A19D-4531-40BC-89B7-DDE6CBD7C204}.Release|Any CPU.ActiveCfg = Release|x86
		{61B1A19D-4531-40BC-89B7-DDE6CBD7C204}.Release|ARM.ActiveCfg = Release|ARM
		{61B1A19D-4531-40BC-89B7-DDE6CBD7C204}.Release|ARM.Build.0 = Release|ARM
		{61B1A19D-4531-40BC-89B7-DDE6CBD7C204}.Release|ARM.Deploy.0 = Release|ARM
		{61B1A19D-4531-40BC-89B7-DDE6CBD7C204}.Release|iPhone.ActiveCfg = Release|x86
		{61B1A19D-4531-40BC-89B7-DDE6CBD7C204}.Release|iPhoneSimulator.ActiveCfg = Release|x86
		{61B1A19D-4531-40BC-89B7-DDE6CBD7C204}.Release|x64.ActiveCfg = Release|x64
		{61B1A19D-4531-40BC-89B7-DDE6CBD7C204}.Release|x64.Build.0 = Release|x64
		{61B1A19D-4531-40BC-89B7-DDE6CBD7C204}.Release|x64.Deploy.0 = Release|x64
		{61B1A19D-4531-40BC-89B7-DDE6CBD7C204}.Release|x86.ActiveCfg = Release|x86
		{61B1A19D-4531-40BC-89B7-DDE6CBD7C204}.Release|x86.Build.0 = Release|x86
		{61B1A19D-4531-40BC-89B7-DDE6CBD7C204}.Release|x86.Deploy.0 = Release|x86
	EndGlobalSection
	GlobalSection(SolutionProperties) = preSolution
		HideSolutionNode = FALSE
	EndGlobalSection
EndGlobal
