
Microsoft Visual Studio Solution File, Format Version 12.00
# Visual Studio 15
VisualStudioVersion = 15.0.26403.7
MinimumVisualStudioVersion = 10.0.40219.1
Project("{FAE04EC0-301F-11D3-BF4B-00C04F79EFBC}") = "MaratonaXamarinAndroidApp", "MaratonaXamarinAndroidApp\MaratonaXamarinAndroidApp.csproj", "{2B22715F-6D63-4D49-B997-2F07A902034D}"
EndProject
Project("{FAE04EC0-301F-11D3-BF4B-00C04F79EFBC}") = "MaratonaXamarin.Shared", "MaratonaXamarin.Shared\MaratonaXamarin.Shared.csproj", "{A0A0C28A-26FE-4784-BEDA-3FDF94665700}"
EndProject
Project("{FAE04EC0-301F-11D3-BF4B-00C04F79EFBC}") = "MaratonaXamarinIOSApp", "MaratonaXamarinIOSApp\MaratonaXamarinIOSApp.csproj", "{9B2D9E7B-1956-40E5-AFF6-4ED2AD0E527F}"
EndProject
Global
	GlobalSection(SolutionConfigurationPlatforms) = preSolution
		Ad-Hoc|Any CPU = Ad-Hoc|Any CPU
		Ad-Hoc|iPhone = Ad-Hoc|iPhone
		Ad-Hoc|iPhoneSimulator = Ad-Hoc|iPhoneSimulator
		AppStore|Any CPU = AppStore|Any CPU
		AppStore|iPhone = AppStore|iPhone
		AppStore|iPhoneSimulator = AppStore|iPhoneSimulator
		Debug|Any CPU = Debug|Any CPU
		Debug|iPhone = Debug|iPhone
		Debug|iPhoneSimulator = Debug|iPhoneSimulator
		Release|Any CPU = Release|Any CPU
		Release|iPhone = Release|iPhone
		Release|iPhoneSimulator = Release|iPhoneSimulator
	EndGlobalSection
	GlobalSection(ProjectConfigurationPlatforms) = postSolution
		{2B22715F-6D63-4D49-B997-2F07A902034D}.Ad-Hoc|Any CPU.ActiveCfg = Release|Any CPU
		{2B22715F-6D63-4D49-B997-2F07A902034D}.Ad-Hoc|Any CPU.Build.0 = Release|Any CPU
		{2B22715F-6D63-4D49-B997-2F07A902034D}.Ad-Hoc|Any CPU.Deploy.0 = Release|Any CPU
		{2B22715F-6D63-4D49-B997-2F07A902034D}.Ad-Hoc|iPhone.ActiveCfg = Release|Any CPU
		{2B22715F-6D63-4D49-B997-2F07A902034D}.Ad-Hoc|iPhone.Build.0 = Release|Any CPU
		{2B22715F-6D63-4D49-B997-2F07A902034D}.Ad-Hoc|iPhone.Deploy.0 = Release|Any CPU
		{2B22715F-6D63-4D49-B997-2F07A902034D}.Ad-Hoc|iPhoneSimulator.ActiveCfg = Release|Any CPU
		{2B22715F-6D63-4D49-B997-2F07A902034D}.Ad-Hoc|iPhoneSimulator.Build.0 = Release|Any CPU
		{2B22715F-6D63-4D49-B997-2F07A902034D}.Ad-Hoc|iPhoneSimulator.Deploy.0 = Release|Any CPU
		{2B22715F-6D63-4D49-B997-2F07A902034D}.AppStore|Any CPU.ActiveCfg = Release|Any CPU
		{2B22715F-6D63-4D49-B997-2F07A902034D}.AppStore|Any CPU.Build.0 = Release|Any CPU
		{2B22715F-6D63-4D49-B997-2F07A902034D}.AppStore|Any CPU.Deploy.0 = Release|Any CPU
		{2B22715F-6D63-4D49-B997-2F07A902034D}.AppStore|iPhone.ActiveCfg = Release|Any CPU
		{2B22715F-6D63-4D49-B997-2F07A902034D}.AppStore|iPhone.Build.0 = Release|Any CPU
		{2B22715F-6D63-4D49-B997-2F07A902034D}.AppStore|iPhone.Deploy.0 = Release|Any CPU
		{2B22715F-6D63-4D49-B997-2F07A902034D}.AppStore|iPhoneSimulator.ActiveCfg = Release|Any CPU
		{2B22715F-6D63-4D49-B997-2F07A902034D}.AppStore|iPhoneSimulator.Build.0 = Release|Any CPU
		{2B22715F-6D63-4D49-B997-2F07A902034D}.AppStore|iPhoneSimulator.Deploy.0 = Release|Any CPU
		{2B22715F-6D63-4D49-B997-2F07A902034D}.Debug|Any CPU.ActiveCfg = Debug|Any CPU
		{2B22715F-6D63-4D49-B997-2F07A902034D}.Debug|Any CPU.Build.0 = Debug|Any CPU
		{2B22715F-6D63-4D49-B997-2F07A902034D}.Debug|Any CPU.Deploy.0 = Debug|Any CPU
		{2B22715F-6D63-4D49-B997-2F07A902034D}.Debug|iPhone.ActiveCfg = Debug|Any CPU
		{2B22715F-6D63-4D49-B997-2F07A902034D}.Debug|iPhone.Build.0 = Debug|Any CPU
		{2B22715F-6D63-4D49-B997-2F07A902034D}.Debug|iPhone.Deploy.0 = Debug|Any CPU
		{2B22715F-6D63-4D49-B997-2F07A902034D}.Debug|iPhoneSimulator.ActiveCfg = Debug|Any CPU
		{2B22715F-6D63-4D49-B997-2F07A902034D}.Debug|iPhoneSimulator.Build.0 = Debug|Any CPU
		{2B22715F-6D63-4D49-B997-2F07A902034D}.Debug|iPhoneSimulator.Deploy.0 = Debug|Any CPU
		{2B22715F-6D63-4D49-B997-2F07A902034D}.Release|Any CPU.ActiveCfg = Release|Any CPU
		{2B22715F-6D63-4D49-B997-2F07A902034D}.Release|Any CPU.Build.0 = Release|Any CPU
		{2B22715F-6D63-4D49-B997-2F07A902034D}.Release|Any CPU.Deploy.0 = Release|Any CPU
		{2B22715F-6D63-4D49-B997-2F07A902034D}.Release|iPhone.ActiveCfg = Release|Any CPU
		{2B22715F-6D63-4D49-B997-2F07A902034D}.Release|iPhone.Build.0 = Release|Any CPU
		{2B22715F-6D63-4D49-B997-2F07A902034D}.Release|iPhone.Deploy.0 = Release|Any CPU
		{2B22715F-6D63-4D49-B997-2F07A902034D}.Release|iPhoneSimulator.ActiveCfg = Release|Any CPU
		{2B22715F-6D63-4D49-B997-2F07A902034D}.Release|iPhoneSimulator.Build.0 = Release|Any CPU
		{2B22715F-6D63-4D49-B997-2F07A902034D}.Release|iPhoneSimulator.Deploy.0 = Release|Any CPU
		{A0A0C28A-26FE-4784-BEDA-3FDF94665700}.Ad-Hoc|Any CPU.ActiveCfg = Release|Any CPU
		{A0A0C28A-26FE-4784-BEDA-3FDF94665700}.Ad-Hoc|Any CPU.Build.0 = Release|Any CPU
		{A0A0C28A-26FE-4784-BEDA-3FDF94665700}.Ad-Hoc|iPhone.ActiveCfg = Release|Any CPU
		{A0A0C28A-26FE-4784-BEDA-3FDF94665700}.Ad-Hoc|iPhone.Build.0 = Release|Any CPU
		{A0A0C28A-26FE-4784-BEDA-3FDF94665700}.Ad-Hoc|iPhoneSimulator.ActiveCfg = Release|Any CPU
		{A0A0C28A-26FE-4784-BEDA-3FDF94665700}.Ad-Hoc|iPhoneSimulator.Build.0 = Release|Any CPU
		{A0A0C28A-26FE-4784-BEDA-3FDF94665700}.AppStore|Any CPU.ActiveCfg = Release|Any CPU
		{A0A0C28A-26FE-4784-BEDA-3FDF94665700}.AppStore|Any CPU.Build.0 = Release|Any CPU
		{A0A0C28A-26FE-4784-BEDA-3FDF94665700}.AppStore|iPhone.ActiveCfg = Release|Any CPU
		{A0A0C28A-26FE-4784-BEDA-3FDF94665700}.AppStore|iPhone.Build.0 = Release|Any CPU
		{A0A0C28A-26FE-4784-BEDA-3FDF94665700}.AppStore|iPhoneSimulator.ActiveCfg = Release|Any CPU
		{A0A0C28A-26FE-4784-BEDA-3FDF94665700}.AppStore|iPhoneSimulator.Build.0 = Release|Any CPU
		{A0A0C28A-26FE-4784-BEDA-3FDF94665700}.Debug|Any CPU.ActiveCfg = Debug|Any CPU
		{A0A0C28A-26FE-4784-BEDA-3FDF94665700}.Debug|Any CPU.Build.0 = Debug|Any CPU
		{A0A0C28A-26FE-4784-BEDA-3FDF94665700}.Debug|iPhone.ActiveCfg = Debug|Any CPU
		{A0A0C28A-26FE-4784-BEDA-3FDF94665700}.Debug|iPhone.Build.0 = Debug|Any CPU
		{A0A0C28A-26FE-4784-BEDA-3FDF94665700}.Debug|iPhoneSimulator.ActiveCfg = Debug|Any CPU
		{A0A0C28A-26FE-4784-BEDA-3FDF94665700}.Debug|iPhoneSimulator.Build.0 = Debug|Any CPU
		{A0A0C28A-26FE-4784-BEDA-3FDF94665700}.Release|Any CPU.ActiveCfg = Release|Any CPU
		{A0A0C28A-26FE-4784-BEDA-3FDF94665700}.Release|Any CPU.Build.0 = Release|Any CPU
		{A0A0C28A-26FE-4784-BEDA-3FDF94665700}.Release|iPhone.ActiveCfg = Release|Any CPU
		{A0A0C28A-26FE-4784-BEDA-3FDF94665700}.Release|iPhone.Build.0 = Release|Any CPU
		{A0A0C28A-26FE-4784-BEDA-3FDF94665700}.Release|iPhoneSimulator.ActiveCfg = Release|Any CPU
		{A0A0C28A-26FE-4784-BEDA-3FDF94665700}.Release|iPhoneSimulator.Build.0 = Release|Any CPU
		{9B2D9E7B-1956-40E5-AFF6-4ED2AD0E527F}.Ad-Hoc|Any CPU.ActiveCfg = Ad-Hoc|iPhone
		{9B2D9E7B-1956-40E5-AFF6-4ED2AD0E527F}.Ad-Hoc|iPhone.ActiveCfg = Ad-Hoc|iPhone
		{9B2D9E7B-1956-40E5-AFF6-4ED2AD0E527F}.Ad-Hoc|iPhone.Build.0 = Ad-Hoc|iPhone
		{9B2D9E7B-1956-40E5-AFF6-4ED2AD0E527F}.Ad-Hoc|iPhoneSimulator.ActiveCfg = Ad-Hoc|iPhoneSimulator
		{9B2D9E7B-1956-40E5-AFF6-4ED2AD0E527F}.Ad-Hoc|iPhoneSimulator.Build.0 = Ad-Hoc|iPhoneSimulator
		{9B2D9E7B-1956-40E5-AFF6-4ED2AD0E527F}.AppStore|Any CPU.ActiveCfg = AppStore|iPhone
		{9B2D9E7B-1956-40E5-AFF6-4ED2AD0E527F}.AppStore|iPhone.ActiveCfg = AppStore|iPhone
		{9B2D9E7B-1956-40E5-AFF6-4ED2AD0E527F}.AppStore|iPhone.Build.0 = AppStore|iPhone
		{9B2D9E7B-1956-40E5-AFF6-4ED2AD0E527F}.AppStore|iPhoneSimulator.ActiveCfg = AppStore|iPhoneSimulator
		{9B2D9E7B-1956-40E5-AFF6-4ED2AD0E527F}.AppStore|iPhoneSimulator.Build.0 = AppStore|iPhoneSimulator
		{9B2D9E7B-1956-40E5-AFF6-4ED2AD0E527F}.Debug|Any CPU.ActiveCfg = Debug|iPhone
		{9B2D9E7B-1956-40E5-AFF6-4ED2AD0E527F}.Debug|iPhone.ActiveCfg = Debug|iPhone
		{9B2D9E7B-1956-40E5-AFF6-4ED2AD0E527F}.Debug|iPhone.Build.0 = Debug|iPhone
		{9B2D9E7B-1956-40E5-AFF6-4ED2AD0E527F}.Debug|iPhoneSimulator.ActiveCfg = Debug|iPhoneSimulator
		{9B2D9E7B-1956-40E5-AFF6-4ED2AD0E527F}.Debug|iPhoneSimulator.Build.0 = Debug|iPhoneSimulator
		{9B2D9E7B-1956-40E5-AFF6-4ED2AD0E527F}.Release|Any CPU.ActiveCfg = Release|iPhone
		{9B2D9E7B-1956-40E5-AFF6-4ED2AD0E527F}.Release|iPhone.ActiveCfg = Release|iPhone
		{9B2D9E7B-1956-40E5-AFF6-4ED2AD0E527F}.Release|iPhone.Build.0 = Release|iPhone
		{9B2D9E7B-1956-40E5-AFF6-4ED2AD0E527F}.Release|iPhoneSimulator.ActiveCfg = Release|iPhoneSimulator
		{9B2D9E7B-1956-40E5-AFF6-4ED2AD0E527F}.Release|iPhoneSimulator.Build.0 = Release|iPhoneSimulator
	EndGlobalSection
	GlobalSection(SolutionProperties) = preSolution
		HideSolutionNode = FALSE
	EndGlobalSection
EndGlobal
